
Microsoft Visual Studio Solution File, Format Version 12.00
# Visual Studio Version 17
VisualStudioVersion = 17.13.35818.85 d17.13
MinimumVisualStudioVersion = 10.0.40219.1
Project("{FAE04EC0-301F-11D3-BF4B-00C04F79EFBC}") = "modul7_kelompok 5", "modul7_kelompok 5.csproj", "{1012B6A9-F582-46EF-AB61-7C52365B991C}"
EndProject
Global
	GlobalSection(SolutionConfigurationPlatforms) = preSolution
		Debug|Any CPU = Debug|Any CPU
		Release|Any CPU = Release|Any CPU
	EndGlobalSection
	GlobalSection(ProjectConfigurationPlatforms) = postSolution
		{1012B6A9-F582-46EF-AB61-7C52365B991C}.Debug|Any CPU.ActiveCfg = Debug|Any CPU
		{1012B6A9-F582-46EF-AB61-7C52365B991C}.Debug|Any CPU.Build.0 = Debug|Any CPU
		{1012B6A9-F582-46EF-AB61-7C52365B991C}.Release|Any CPU.ActiveCfg = Release|Any CPU
		{1012B6A9-F582-46EF-AB61-7C52365B991C}.Release|Any CPU.Build.0 = Release|Any CPU
	EndGlobalSection
	GlobalSection(SolutionProperties) = preSolution
		HideSolutionNode = FALSE
	EndGlobalSection
	GlobalSection(ExtensibilityGlobals) = postSolution
		SolutionGuid = {6BD50775-10CD-4A71-8A2A-1E43F63EEFBB}
	EndGlobalSection
EndGlobal
